
Microsoft Visual Studio Solution File, Format Version 12.00
# Visual Studio Version 17
VisualStudioVersion = 17.2.32616.157
MinimumVisualStudioVersion = 10.0.40219.1
Project("{FAE04EC0-301F-11D3-BF4B-00C04F79EFBC}") = "BoneReferenceHelper", "BoneReferenceHelper.csproj", "{896FE1A9-E599-465C-9409-DD36A700B0B6}"
EndProject
Global
	GlobalSection(SolutionConfigurationPlatforms) = preSolution
		Debug|Any CPU = Debug|Any CPU
		Release|Any CPU = Release|Any CPU
	EndGlobalSection
	GlobalSection(ProjectConfigurationPlatforms) = postSolution
		{896FE1A9-E599-465C-9409-DD36A700B0B6}.Release|Any CPU.ActiveCfg = Release|Any CPU
		{896FE1A9-E599-465C-9409-DD36A700B0B6}.Release|Any CPU.Build.0 = Release|Any CPU
	EndGlobalSection
	GlobalSection(SolutionProperties) = preSolution
		HideSolutionNode = FALSE
	EndGlobalSection
	GlobalSection(ExtensibilityGlobals) = postSolution
		SolutionGuid = {B3EC1D66-A490-49DD-BA1E-682866BDF70D}
	EndGlobalSection
EndGlobal
